
Microsoft Visual Studio Solution File, Format Version 12.00
# Visual Studio 15
VisualStudioVersion = 15.0.27428.2015
MinimumVisualStudioVersion = 10.0.40219.1
Project("{8BC9CEB8-8B4A-11D0-8D11-00A0C91BC942}") = "HW1_1", "HW1_1\HW1_1.vcxproj", "{E80A0FC2-CC4B-45F2-86CF-C605FE8567F6}"
EndProject
Project("{8BC9CEB8-8B4A-11D0-8D11-00A0C91BC942}") = "HW1_2", "HW1_2\HW1_2.vcxproj", "{C33C7213-D8B1-4B22-BF02-2505C1FCD79A}"
EndProject
Project("{8BC9CEB8-8B4A-11D0-8D11-00A0C91BC942}") = "HW2_1", "HW2_1\HW2_1.vcxproj", "{934A5272-D141-4398-9B92-26688164D540}"
EndProject
Project("{8BC9CEB8-8B4A-11D0-8D11-00A0C91BC942}") = "HW2_2", "HW2_2\HW2_2.vcxproj", "{E7875B10-1E87-4D41-840E-45360832B432}"
EndProject
Project("{8BC9CEB8-8B4A-11D0-8D11-00A0C91BC942}") = "HW2_2_new", "HW2_2_new\HW2_2_new.vcxproj", "{180F9C63-AD05-469F-AAC7-033A6611A785}"
EndProject
Project("{8BC9CEB8-8B4A-11D0-8D11-00A0C91BC942}") = "HW3_1", "HW3_1\HW3_1.vcxproj", "{97D739DD-77F2-47B5-A0CB-D1DC59718D93}"
EndProject
Project("{8BC9CEB8-8B4A-11D0-8D11-00A0C91BC942}") = "HW3_2", "HW3_2\HW3_2.vcxproj", "{1849AB09-0B41-4D86-AD03-1FBD4DA01D09}"
EndProject
Project("{8BC9CEB8-8B4A-11D0-8D11-00A0C91BC942}") = "HW4_1", "HW4_1\HW4_1.vcxproj", "{2292FCF3-F804-4592-8D30-C08FCADC78EF}"
EndProject
Project("{8BC9CEB8-8B4A-11D0-8D11-00A0C91BC942}") = "HW4_1_new", "HW4_1_new\HW4_1_new.vcxproj", "{AF5C48E7-2D51-40A1-967B-E904B8A4ECA3}"
EndProject
Project("{8BC9CEB8-8B4A-11D0-8D11-00A0C91BC942}") = "HW4_2", "HW4_2\HW4_2.vcxproj", "{6FCC2FF7-6F09-4B2F-BB90-9DF7094F52E4}"
EndProject
Project("{8BC9CEB8-8B4A-11D0-8D11-00A0C91BC942}") = "HW5_2", "HW5_2\HW5_2.vcxproj", "{D8BC2A34-1A76-4E6C-82FA-41B68B1BE823}"
EndProject
Project("{8BC9CEB8-8B4A-11D0-8D11-00A0C91BC942}") = "HW5_1", "HW5_1\HW5_1.vcxproj", "{E47DC285-F5D5-4A36-9FA7-FFC8C0AB11CB}"
EndProject
Project("{8BC9CEB8-8B4A-11D0-8D11-00A0C91BC942}") = "HW5_1_new", "HW5_1_new\HW5_1_new.vcxproj", "{4FD082BD-90A2-4C9C-A699-2507323955E2}"
EndProject
Project("{8BC9CEB8-8B4A-11D0-8D11-00A0C91BC942}") = "HW6_2", "HW6_2\HW6_2.vcxproj", "{374749FE-1038-41C1-9484-4BD07D8F2B3B}"
EndProject
Project("{8BC9CEB8-8B4A-11D0-8D11-00A0C91BC942}") = "TermProject_1", "TermProject_1\TermProject_1.vcxproj", "{04AA8BB9-CF13-4BB0-B200-EE58870FED14}"
EndProject
Project("{8BC9CEB8-8B4A-11D0-8D11-00A0C91BC942}") = "HW6_1", "HW6_1\HW6_1.vcxproj", "{CBC5BF75-5F8C-45DE-B40B-806955F74520}"
EndProject
Project("{8BC9CEB8-8B4A-11D0-8D11-00A0C91BC942}") = "HW7_1", "HW7_1\HW7_1.vcxproj", "{B4480612-EA53-4F2E-85FE-99792A3D8E94}"
EndProject
Project("{8BC9CEB8-8B4A-11D0-8D11-00A0C91BC942}") = "HW7_2", "HW7_2\HW7_2.vcxproj", "{AE90F31A-A87F-4421-97F8-BDDA4E28E44A}"
EndProject
Project("{8BC9CEB8-8B4A-11D0-8D11-00A0C91BC942}") = "TermProject_2", "TermProject_2\TermProject_2.vcxproj", "{20BB95E8-3FC1-44CA-B770-48874B195558}"
EndProject
Project("{8BC9CEB8-8B4A-11D0-8D11-00A0C91BC942}") = "HW8_1", "HW8_1\HW8_1.vcxproj", "{EEA9D273-1BFA-40C4-8134-065E0BC42E06}"
EndProject
Project("{8BC9CEB8-8B4A-11D0-8D11-00A0C91BC942}") = "HW8_2", "HW8_2\HW8_2.vcxproj", "{12DBE1A5-F6F8-4868-A405-149976E4A74D}"
EndProject
Project("{8BC9CEB8-8B4A-11D0-8D11-00A0C91BC942}") = "TermProject_3", "TermProject_3\TermProject_3.vcxproj", "{00E42924-DAE4-491D-86ED-7C6F804E2572}"
EndProject
Project("{8BC9CEB8-8B4A-11D0-8D11-00A0C91BC942}") = "TermProject_4", "TermProject_4\TermProject_4.vcxproj", "{B81BA06A-E639-42DA-BC36-FF7D0CFD152F}"
EndProject
Project("{8BC9CEB8-8B4A-11D0-8D11-00A0C91BC942}") = "Exercise_1", "Exercise\Exercise.vcxproj", "{F20F4C25-B182-450B-8702-EC9DFE53B5E9}"
EndProject
Project("{8BC9CEB8-8B4A-11D0-8D11-00A0C91BC942}") = "Exercise_2", "Exercise_2\Exercise_2.vcxproj", "{C8382168-C63E-472C-8799-29F33EAB7E37}"
EndProject
Global
	GlobalSection(SolutionConfigurationPlatforms) = preSolution
		Debug|x64 = Debug|x64
		Debug|x86 = Debug|x86
		Release|x64 = Release|x64
		Release|x86 = Release|x86
	EndGlobalSection
	GlobalSection(ProjectConfigurationPlatforms) = postSolution
		{E80A0FC2-CC4B-45F2-86CF-C605FE8567F6}.Debug|x64.ActiveCfg = Debug|x64
		{E80A0FC2-CC4B-45F2-86CF-C605FE8567F6}.Debug|x64.Build.0 = Debug|x64
		{E80A0FC2-CC4B-45F2-86CF-C605FE8567F6}.Debug|x86.ActiveCfg = Debug|Win32
		{E80A0FC2-CC4B-45F2-86CF-C605FE8567F6}.Debug|x86.Build.0 = Debug|Win32
		{E80A0FC2-CC4B-45F2-86CF-C605FE8567F6}.Release|x64.ActiveCfg = Release|x64
		{E80A0FC2-CC4B-45F2-86CF-C605FE8567F6}.Release|x64.Build.0 = Release|x64
		{E80A0FC2-CC4B-45F2-86CF-C605FE8567F6}.Release|x86.ActiveCfg = Release|Win32
		{E80A0FC2-CC4B-45F2-86CF-C605FE8567F6}.Release|x86.Build.0 = Release|Win32
		{C33C7213-D8B1-4B22-BF02-2505C1FCD79A}.Debug|x64.ActiveCfg = Debug|x64
		{C33C7213-D8B1-4B22-BF02-2505C1FCD79A}.Debug|x64.Build.0 = Debug|x64
		{C33C7213-D8B1-4B22-BF02-2505C1FCD79A}.Debug|x86.ActiveCfg = Debug|Win32
		{C33C7213-D8B1-4B22-BF02-2505C1FCD79A}.Debug|x86.Build.0 = Debug|Win32
		{C33C7213-D8B1-4B22-BF02-2505C1FCD79A}.Release|x64.ActiveCfg = Release|x64
		{C33C7213-D8B1-4B22-BF02-2505C1FCD79A}.Release|x64.Build.0 = Release|x64
		{C33C7213-D8B1-4B22-BF02-2505C1FCD79A}.Release|x86.ActiveCfg = Release|Win32
		{C33C7213-D8B1-4B22-BF02-2505C1FCD79A}.Release|x86.Build.0 = Release|Win32
		{934A5272-D141-4398-9B92-26688164D540}.Debug|x64.ActiveCfg = Debug|x64
		{934A5272-D141-4398-9B92-26688164D540}.Debug|x64.Build.0 = Debug|x64
		{934A5272-D141-4398-9B92-26688164D540}.Debug|x86.ActiveCfg = Debug|Win32
		{934A5272-D141-4398-9B92-26688164D540}.Debug|x86.Build.0 = Debug|Win32
		{934A5272-D141-4398-9B92-26688164D540}.Release|x64.ActiveCfg = Release|x64
		{934A5272-D141-4398-9B92-26688164D540}.Release|x64.Build.0 = Release|x64
		{934A5272-D141-4398-9B92-26688164D540}.Release|x86.ActiveCfg = Release|Win32
		{934A5272-D141-4398-9B92-26688164D540}.Release|x86.Build.0 = Release|Win32
		{E7875B10-1E87-4D41-840E-45360832B432}.Debug|x64.ActiveCfg = Debug|x64
		{E7875B10-1E87-4D41-840E-45360832B432}.Debug|x64.Build.0 = Debug|x64
		{E7875B10-1E87-4D41-840E-45360832B432}.Debug|x86.ActiveCfg = Debug|Win32
		{E7875B10-1E87-4D41-840E-45360832B432}.Debug|x86.Build.0 = Debug|Win32
		{E7875B10-1E87-4D41-840E-45360832B432}.Release|x64.ActiveCfg = Release|x64
		{E7875B10-1E87-4D41-840E-45360832B432}.Release|x64.Build.0 = Release|x64
		{E7875B10-1E87-4D41-840E-45360832B432}.Release|x86.ActiveCfg = Release|Win32
		{E7875B10-1E87-4D41-840E-45360832B432}.Release|x86.Build.0 = Release|Win32
		{180F9C63-AD05-469F-AAC7-033A6611A785}.Debug|x64.ActiveCfg = Debug|x64
		{180F9C63-AD05-469F-AAC7-033A6611A785}.Debug|x64.Build.0 = Debug|x64
		{180F9C63-AD05-469F-AAC7-033A6611A785}.Debug|x86.ActiveCfg = Debug|Win32
		{180F9C63-AD05-469F-AAC7-033A6611A785}.Debug|x86.Build.0 = Debug|Win32
		{180F9C63-AD05-469F-AAC7-033A6611A785}.Release|x64.ActiveCfg = Release|x64
		{180F9C63-AD05-469F-AAC7-033A6611A785}.Release|x64.Build.0 = Release|x64
		{180F9C63-AD05-469F-AAC7-033A6611A785}.Release|x86.ActiveCfg = Release|Win32
		{180F9C63-AD05-469F-AAC7-033A6611A785}.Release|x86.Build.0 = Release|Win32
		{97D739DD-77F2-47B5-A0CB-D1DC59718D93}.Debug|x64.ActiveCfg = Debug|x64
		{97D739DD-77F2-47B5-A0CB-D1DC59718D93}.Debug|x64.Build.0 = Debug|x64
		{97D739DD-77F2-47B5-A0CB-D1DC59718D93}.Debug|x86.ActiveCfg = Debug|Win32
		{97D739DD-77F2-47B5-A0CB-D1DC59718D93}.Debug|x86.Build.0 = Debug|Win32
		{97D739DD-77F2-47B5-A0CB-D1DC59718D93}.Release|x64.ActiveCfg = Release|x64
		{97D739DD-77F2-47B5-A0CB-D1DC59718D93}.Release|x64.Build.0 = Release|x64
		{97D739DD-77F2-47B5-A0CB-D1DC59718D93}.Release|x86.ActiveCfg = Release|Win32
		{97D739DD-77F2-47B5-A0CB-D1DC59718D93}.Release|x86.Build.0 = Release|Win32
		{1849AB09-0B41-4D86-AD03-1FBD4DA01D09}.Debug|x64.ActiveCfg = Debug|x64
		{1849AB09-0B41-4D86-AD03-1FBD4DA01D09}.Debug|x64.Build.0 = Debug|x64
		{1849AB09-0B41-4D86-AD03-1FBD4DA01D09}.Debug|x86.ActiveCfg = Debug|Win32
		{1849AB09-0B41-4D86-AD03-1FBD4DA01D09}.Debug|x86.Build.0 = Debug|Win32
		{1849AB09-0B41-4D86-AD03-1FBD4DA01D09}.Release|x64.ActiveCfg = Release|x64
		{1849AB09-0B41-4D86-AD03-1FBD4DA01D09}.Release|x64.Build.0 = Release|x64
		{1849AB09-0B41-4D86-AD03-1FBD4DA01D09}.Release|x86.ActiveCfg = Release|Win32
		{1849AB09-0B41-4D86-AD03-1FBD4DA01D09}.Release|x86.Build.0 = Release|Win32
		{2292FCF3-F804-4592-8D30-C08FCADC78EF}.Debug|x64.ActiveCfg = Debug|x64
		{2292FCF3-F804-4592-8D30-C08FCADC78EF}.Debug|x64.Build.0 = Debug|x64
		{2292FCF3-F804-4592-8D30-C08FCADC78EF}.Debug|x86.ActiveCfg = Debug|Win32
		{2292FCF3-F804-4592-8D30-C08FCADC78EF}.Debug|x86.Build.0 = Debug|Win32
		{2292FCF3-F804-4592-8D30-C08FCADC78EF}.Release|x64.ActiveCfg = Release|x64
		{2292FCF3-F804-4592-8D30-C08FCADC78EF}.Release|x64.Build.0 = Release|x64
		{2292FCF3-F804-4592-8D30-C08FCADC78EF}.Release|x86.ActiveCfg = Release|Win32
		{2292FCF3-F804-4592-8D30-C08FCADC78EF}.Release|x86.Build.0 = Release|Win32
		{AF5C48E7-2D51-40A1-967B-E904B8A4ECA3}.Debug|x64.ActiveCfg = Debug|x64
		{AF5C48E7-2D51-40A1-967B-E904B8A4ECA3}.Debug|x64.Build.0 = Debug|x64
		{AF5C48E7-2D51-40A1-967B-E904B8A4ECA3}.Debug|x86.ActiveCfg = Debug|Win32
		{AF5C48E7-2D51-40A1-967B-E904B8A4ECA3}.Debug|x86.Build.0 = Debug|Win32
		{AF5C48E7-2D51-40A1-967B-E904B8A4ECA3}.Release|x64.ActiveCfg = Release|x64
		{AF5C48E7-2D51-40A1-967B-E904B8A4ECA3}.Release|x64.Build.0 = Release|x64
		{AF5C48E7-2D51-40A1-967B-E904B8A4ECA3}.Release|x86.ActiveCfg = Release|Win32
		{AF5C48E7-2D51-40A1-967B-E904B8A4ECA3}.Release|x86.Build.0 = Release|Win32
		{6FCC2FF7-6F09-4B2F-BB90-9DF7094F52E4}.Debug|x64.ActiveCfg = Debug|x64
		{6FCC2FF7-6F09-4B2F-BB90-9DF7094F52E4}.Debug|x64.Build.0 = Debug|x64
		{6FCC2FF7-6F09-4B2F-BB90-9DF7094F52E4}.Debug|x86.ActiveCfg = Debug|Win32
		{6FCC2FF7-6F09-4B2F-BB90-9DF7094F52E4}.Debug|x86.Build.0 = Debug|Win32
		{6FCC2FF7-6F09-4B2F-BB90-9DF7094F52E4}.Release|x64.ActiveCfg = Release|x64
		{6FCC2FF7-6F09-4B2F-BB90-9DF7094F52E4}.Release|x64.Build.0 = Release|x64
		{6FCC2FF7-6F09-4B2F-BB90-9DF7094F52E4}.Release|x86.ActiveCfg = Release|Win32
		{6FCC2FF7-6F09-4B2F-BB90-9DF7094F52E4}.Release|x86.Build.0 = Release|Win32
		{D8BC2A34-1A76-4E6C-82FA-41B68B1BE823}.Debug|x64.ActiveCfg = Debug|x64
		{D8BC2A34-1A76-4E6C-82FA-41B68B1BE823}.Debug|x64.Build.0 = Debug|x64
		{D8BC2A34-1A76-4E6C-82FA-41B68B1BE823}.Debug|x86.ActiveCfg = Debug|Win32
		{D8BC2A34-1A76-4E6C-82FA-41B68B1BE823}.Debug|x86.Build.0 = Debug|Win32
		{D8BC2A34-1A76-4E6C-82FA-41B68B1BE823}.Release|x64.ActiveCfg = Release|x64
		{D8BC2A34-1A76-4E6C-82FA-41B68B1BE823}.Release|x64.Build.0 = Release|x64
		{D8BC2A34-1A76-4E6C-82FA-41B68B1BE823}.Release|x86.ActiveCfg = Release|Win32
		{D8BC2A34-1A76-4E6C-82FA-41B68B1BE823}.Release|x86.Build.0 = Release|Win32
		{E47DC285-F5D5-4A36-9FA7-FFC8C0AB11CB}.Debug|x64.ActiveCfg = Debug|x64
		{E47DC285-F5D5-4A36-9FA7-FFC8C0AB11CB}.Debug|x64.Build.0 = Debug|x64
		{E47DC285-F5D5-4A36-9FA7-FFC8C0AB11CB}.Debug|x86.ActiveCfg = Debug|Win32
		{E47DC285-F5D5-4A36-9FA7-FFC8C0AB11CB}.Debug|x86.Build.0 = Debug|Win32
		{E47DC285-F5D5-4A36-9FA7-FFC8C0AB11CB}.Release|x64.ActiveCfg = Release|x64
		{E47DC285-F5D5-4A36-9FA7-FFC8C0AB11CB}.Release|x64.Build.0 = Release|x64
		{E47DC285-F5D5-4A36-9FA7-FFC8C0AB11CB}.Release|x86.ActiveCfg = Release|Win32
		{E47DC285-F5D5-4A36-9FA7-FFC8C0AB11CB}.Release|x86.Build.0 = Release|Win32
		{4FD082BD-90A2-4C9C-A699-2507323955E2}.Debug|x64.ActiveCfg = Debug|x64
		{4FD082BD-90A2-4C9C-A699-2507323955E2}.Debug|x64.Build.0 = Debug|x64
		{4FD082BD-90A2-4C9C-A699-2507323955E2}.Debug|x86.ActiveCfg = Debug|Win32
		{4FD082BD-90A2-4C9C-A699-2507323955E2}.Debug|x86.Build.0 = Debug|Win32
		{4FD082BD-90A2-4C9C-A699-2507323955E2}.Release|x64.ActiveCfg = Release|x64
		{4FD082BD-90A2-4C9C-A699-2507323955E2}.Release|x64.Build.0 = Release|x64
		{4FD082BD-90A2-4C9C-A699-2507323955E2}.Release|x86.ActiveCfg = Release|Win32
		{4FD082BD-90A2-4C9C-A699-2507323955E2}.Release|x86.Build.0 = Release|Win32
		{374749FE-1038-41C1-9484-4BD07D8F2B3B}.Debug|x64.ActiveCfg = Debug|x64
		{374749FE-1038-41C1-9484-4BD07D8F2B3B}.Debug|x64.Build.0 = Debug|x64
		{374749FE-1038-41C1-9484-4BD07D8F2B3B}.Debug|x86.ActiveCfg = Debug|Win32
		{374749FE-1038-41C1-9484-4BD07D8F2B3B}.Debug|x86.Build.0 = Debug|Win32
		{374749FE-1038-41C1-9484-4BD07D8F2B3B}.Release|x64.ActiveCfg = Release|x64
		{374749FE-1038-41C1-9484-4BD07D8F2B3B}.Release|x64.Build.0 = Release|x64
		{374749FE-1038-41C1-9484-4BD07D8F2B3B}.Release|x86.ActiveCfg = Release|Win32
		{374749FE-1038-41C1-9484-4BD07D8F2B3B}.Release|x86.Build.0 = Release|Win32
		{04AA8BB9-CF13-4BB0-B200-EE58870FED14}.Debug|x64.ActiveCfg = Debug|x64
		{04AA8BB9-CF13-4BB0-B200-EE58870FED14}.Debug|x64.Build.0 = Debug|x64
		{04AA8BB9-CF13-4BB0-B200-EE58870FED14}.Debug|x86.ActiveCfg = Debug|Win32
		{04AA8BB9-CF13-4BB0-B200-EE58870FED14}.Debug|x86.Build.0 = Debug|Win32
		{04AA8BB9-CF13-4BB0-B200-EE58870FED14}.Release|x64.ActiveCfg = Release|x64
		{04AA8BB9-CF13-4BB0-B200-EE58870FED14}.Release|x64.Build.0 = Release|x64
		{04AA8BB9-CF13-4BB0-B200-EE58870FED14}.Release|x86.ActiveCfg = Release|Win32
		{04AA8BB9-CF13-4BB0-B200-EE58870FED14}.Release|x86.Build.0 = Release|Win32
		{CBC5BF75-5F8C-45DE-B40B-806955F74520}.Debug|x64.ActiveCfg = Debug|x64
		{CBC5BF75-5F8C-45DE-B40B-806955F74520}.Debug|x64.Build.0 = Debug|x64
		{CBC5BF75-5F8C-45DE-B40B-806955F74520}.Debug|x86.ActiveCfg = Debug|Win32
		{CBC5BF75-5F8C-45DE-B40B-806955F74520}.Debug|x86.Build.0 = Debug|Win32
		{CBC5BF75-5F8C-45DE-B40B-806955F74520}.Release|x64.ActiveCfg = Release|x64
		{CBC5BF75-5F8C-45DE-B40B-806955F74520}.Release|x64.Build.0 = Release|x64
		{CBC5BF75-5F8C-45DE-B40B-806955F74520}.Release|x86.ActiveCfg = Release|Win32
		{CBC5BF75-5F8C-45DE-B40B-806955F74520}.Release|x86.Build.0 = Release|Win32
		{B4480612-EA53-4F2E-85FE-99792A3D8E94}.Debug|x64.ActiveCfg = Debug|x64
		{B4480612-EA53-4F2E-85FE-99792A3D8E94}.Debug|x64.Build.0 = Debug|x64
		{B4480612-EA53-4F2E-85FE-99792A3D8E94}.Debug|x86.ActiveCfg = Debug|Win32
		{B4480612-EA53-4F2E-85FE-99792A3D8E94}.Debug|x86.Build.0 = Debug|Win32
		{B4480612-EA53-4F2E-85FE-99792A3D8E94}.Release|x64.ActiveCfg = Release|x64
		{B4480612-EA53-4F2E-85FE-99792A3D8E94}.Release|x64.Build.0 = Release|x64
		{B4480612-EA53-4F2E-85FE-99792A3D8E94}.Release|x86.ActiveCfg = Release|Win32
		{B4480612-EA53-4F2E-85FE-99792A3D8E94}.Release|x86.Build.0 = Release|Win32
		{AE90F31A-A87F-4421-97F8-BDDA4E28E44A}.Debug|x64.ActiveCfg = Debug|x64
		{AE90F31A-A87F-4421-97F8-BDDA4E28E44A}.Debug|x64.Build.0 = Debug|x64
		{AE90F31A-A87F-4421-97F8-BDDA4E28E44A}.Debug|x86.ActiveCfg = Debug|Win32
		{AE90F31A-A87F-4421-97F8-BDDA4E28E44A}.Debug|x86.Build.0 = Debug|Win32
		{AE90F31A-A87F-4421-97F8-BDDA4E28E44A}.Release|x64.ActiveCfg = Release|x64
		{AE90F31A-A87F-4421-97F8-BDDA4E28E44A}.Release|x64.Build.0 = Release|x64
		{AE90F31A-A87F-4421-97F8-BDDA4E28E44A}.Release|x86.ActiveCfg = Release|Win32
		{AE90F31A-A87F-4421-97F8-BDDA4E28E44A}.Release|x86.Build.0 = Release|Win32
		{20BB95E8-3FC1-44CA-B770-48874B195558}.Debug|x64.ActiveCfg = Debug|x64
		{20BB95E8-3FC1-44CA-B770-48874B195558}.Debug|x64.Build.0 = Debug|x64
		{20BB95E8-3FC1-44CA-B770-48874B195558}.Debug|x86.ActiveCfg = Debug|Win32
		{20BB95E8-3FC1-44CA-B770-48874B195558}.Debug|x86.Build.0 = Debug|Win32
		{20BB95E8-3FC1-44CA-B770-48874B195558}.Release|x64.ActiveCfg = Release|x64
		{20BB95E8-3FC1-44CA-B770-48874B195558}.Release|x64.Build.0 = Release|x64
		{20BB95E8-3FC1-44CA-B770-48874B195558}.Release|x86.ActiveCfg = Release|Win32
		{20BB95E8-3FC1-44CA-B770-48874B195558}.Release|x86.Build.0 = Release|Win32
		{EEA9D273-1BFA-40C4-8134-065E0BC42E06}.Debug|x64.ActiveCfg = Debug|x64
		{EEA9D273-1BFA-40C4-8134-065E0BC42E06}.Debug|x64.Build.0 = Debug|x64
		{EEA9D273-1BFA-40C4-8134-065E0BC42E06}.Debug|x86.ActiveCfg = Debug|Win32
		{EEA9D273-1BFA-40C4-8134-065E0BC42E06}.Debug|x86.Build.0 = Debug|Win32
		{EEA9D273-1BFA-40C4-8134-065E0BC42E06}.Release|x64.ActiveCfg = Release|x64
		{EEA9D273-1BFA-40C4-8134-065E0BC42E06}.Release|x64.Build.0 = Release|x64
		{EEA9D273-1BFA-40C4-8134-065E0BC42E06}.Release|x86.ActiveCfg = Release|Win32
		{EEA9D273-1BFA-40C4-8134-065E0BC42E06}.Release|x86.Build.0 = Release|Win32
		{12DBE1A5-F6F8-4868-A405-149976E4A74D}.Debug|x64.ActiveCfg = Debug|x64
		{12DBE1A5-F6F8-4868-A405-149976E4A74D}.Debug|x64.Build.0 = Debug|x64
		{12DBE1A5-F6F8-4868-A405-149976E4A74D}.Debug|x86.ActiveCfg = Debug|Win32
		{12DBE1A5-F6F8-4868-A405-149976E4A74D}.Debug|x86.Build.0 = Debug|Win32
		{12DBE1A5-F6F8-4868-A405-149976E4A74D}.Release|x64.ActiveCfg = Release|x64
		{12DBE1A5-F6F8-4868-A405-149976E4A74D}.Release|x64.Build.0 = Release|x64
		{12DBE1A5-F6F8-4868-A405-149976E4A74D}.Release|x86.ActiveCfg = Release|Win32
		{12DBE1A5-F6F8-4868-A405-149976E4A74D}.Release|x86.Build.0 = Release|Win32
		{00E42924-DAE4-491D-86ED-7C6F804E2572}.Debug|x64.ActiveCfg = Debug|x64
		{00E42924-DAE4-491D-86ED-7C6F804E2572}.Debug|x64.Build.0 = Debug|x64
		{00E42924-DAE4-491D-86ED-7C6F804E2572}.Debug|x86.ActiveCfg = Debug|Win32
		{00E42924-DAE4-491D-86ED-7C6F804E2572}.Debug|x86.Build.0 = Debug|Win32
		{00E42924-DAE4-491D-86ED-7C6F804E2572}.Release|x64.ActiveCfg = Release|x64
		{00E42924-DAE4-491D-86ED-7C6F804E2572}.Release|x64.Build.0 = Release|x64
		{00E42924-DAE4-491D-86ED-7C6F804E2572}.Release|x86.ActiveCfg = Release|Win32
		{00E42924-DAE4-491D-86ED-7C6F804E2572}.Release|x86.Build.0 = Release|Win32
		{B81BA06A-E639-42DA-BC36-FF7D0CFD152F}.Debug|x64.ActiveCfg = Debug|x64
		{B81BA06A-E639-42DA-BC36-FF7D0CFD152F}.Debug|x64.Build.0 = Debug|x64
		{B81BA06A-E639-42DA-BC36-FF7D0CFD152F}.Debug|x86.ActiveCfg = Debug|Win32
		{B81BA06A-E639-42DA-BC36-FF7D0CFD152F}.Debug|x86.Build.0 = Debug|Win32
		{B81BA06A-E639-42DA-BC36-FF7D0CFD152F}.Release|x64.ActiveCfg = Release|x64
		{B81BA06A-E639-42DA-BC36-FF7D0CFD152F}.Release|x64.Build.0 = Release|x64
		{B81BA06A-E639-42DA-BC36-FF7D0CFD152F}.Release|x86.ActiveCfg = Release|Win32
		{B81BA06A-E639-42DA-BC36-FF7D0CFD152F}.Release|x86.Build.0 = Release|Win32
		{F20F4C25-B182-450B-8702-EC9DFE53B5E9}.Debug|x64.ActiveCfg = Debug|x64
		{F20F4C25-B182-450B-8702-EC9DFE53B5E9}.Debug|x64.Build.0 = Debug|x64
		{F20F4C25-B182-450B-8702-EC9DFE53B5E9}.Debug|x86.ActiveCfg = Debug|Win32
		{F20F4C25-B182-450B-8702-EC9DFE53B5E9}.Debug|x86.Build.0 = Debug|Win32
		{F20F4C25-B182-450B-8702-EC9DFE53B5E9}.Release|x64.ActiveCfg = Release|x64
		{F20F4C25-B182-450B-8702-EC9DFE53B5E9}.Release|x64.Build.0 = Release|x64
		{F20F4C25-B182-450B-8702-EC9DFE53B5E9}.Release|x86.ActiveCfg = Release|Win32
		{F20F4C25-B182-450B-8702-EC9DFE53B5E9}.Release|x86.Build.0 = Release|Win32
		{C8382168-C63E-472C-8799-29F33EAB7E37}.Debug|x64.ActiveCfg = Debug|x64
		{C8382168-C63E-472C-8799-29F33EAB7E37}.Debug|x64.Build.0 = Debug|x64
		{C8382168-C63E-472C-8799-29F33EAB7E37}.Debug|x86.ActiveCfg = Debug|Win32
		{C8382168-C63E-472C-8799-29F33EAB7E37}.Debug|x86.Build.0 = Debug|Win32
		{C8382168-C63E-472C-8799-29F33EAB7E37}.Release|x64.ActiveCfg = Release|x64
		{C8382168-C63E-472C-8799-29F33EAB7E37}.Release|x64.Build.0 = Release|x64
		{C8382168-C63E-472C-8799-29F33EAB7E37}.Release|x86.ActiveCfg = Release|Win32
		{C8382168-C63E-472C-8799-29F33EAB7E37}.Release|x86.Build.0 = Release|Win32
	EndGlobalSection
	GlobalSection(SolutionProperties) = preSolution
		HideSolutionNode = FALSE
	EndGlobalSection
	GlobalSection(ExtensibilityGlobals) = postSolution
		SolutionGuid = {18DE08C4-E189-4E42-AC84-6C16A4D670A0}
	EndGlobalSection
EndGlobal
