
Microsoft Visual Studio Solution File, Format Version 12.00
# Visual Studio 15
VisualStudioVersion = 15.0.27428.2015
MinimumVisualStudioVersion = 10.0.40219.1
Project("{8BC9CEB8-8B4A-11D0-8D11-00A0C91BC942}") = "Student_info", "Student_info\Student_info.vcxproj", "{81E58B02-9FC4-4DE0-9F30-AB3F8AB8CD55}"
EndProject
Project("{8BC9CEB8-8B4A-11D0-8D11-00A0C91BC942}") = "Test20180704", "Test20180704\Test20180704.vcxproj", "{0851492D-8FF2-42C9-BE79-E3450B1D18AC}"
EndProject
Global
	GlobalSection(SolutionConfigurationPlatforms) = preSolution
		Debug|x64 = Debug|x64
		Debug|x86 = Debug|x86
		Release|x64 = Release|x64
		Release|x86 = Release|x86
	EndGlobalSection
	GlobalSection(ProjectConfigurationPlatforms) = postSolution
		{81E58B02-9FC4-4DE0-9F30-AB3F8AB8CD55}.Debug|x64.ActiveCfg = Debug|x64
		{81E58B02-9FC4-4DE0-9F30-AB3F8AB8CD55}.Debug|x64.Build.0 = Debug|x64
		{81E58B02-9FC4-4DE0-9F30-AB3F8AB8CD55}.Debug|x86.ActiveCfg = Debug|Win32
		{81E58B02-9FC4-4DE0-9F30-AB3F8AB8CD55}.Debug|x86.Build.0 = Debug|Win32
		{81E58B02-9FC4-4DE0-9F30-AB3F8AB8CD55}.Release|x64.ActiveCfg = Release|x64
		{81E58B02-9FC4-4DE0-9F30-AB3F8AB8CD55}.Release|x64.Build.0 = Release|x64
		{81E58B02-9FC4-4DE0-9F30-AB3F8AB8CD55}.Release|x86.ActiveCfg = Release|Win32
		{81E58B02-9FC4-4DE0-9F30-AB3F8AB8CD55}.Release|x86.Build.0 = Release|Win32
		{0851492D-8FF2-42C9-BE79-E3450B1D18AC}.Debug|x64.ActiveCfg = Debug|x64
		{0851492D-8FF2-42C9-BE79-E3450B1D18AC}.Debug|x64.Build.0 = Debug|x64
		{0851492D-8FF2-42C9-BE79-E3450B1D18AC}.Debug|x86.ActiveCfg = Debug|Win32
		{0851492D-8FF2-42C9-BE79-E3450B1D18AC}.Debug|x86.Build.0 = Debug|Win32
		{0851492D-8FF2-42C9-BE79-E3450B1D18AC}.Release|x64.ActiveCfg = Release|x64
		{0851492D-8FF2-42C9-BE79-E3450B1D18AC}.Release|x64.Build.0 = Release|x64
		{0851492D-8FF2-42C9-BE79-E3450B1D18AC}.Release|x86.ActiveCfg = Release|Win32
		{0851492D-8FF2-42C9-BE79-E3450B1D18AC}.Release|x86.Build.0 = Release|Win32
	EndGlobalSection
	GlobalSection(SolutionProperties) = preSolution
		HideSolutionNode = FALSE
	EndGlobalSection
	GlobalSection(ExtensibilityGlobals) = postSolution
		SolutionGuid = {A7F151EF-75CC-4449-B281-B395D35E366F}
	EndGlobalSection
EndGlobal
